
Microsoft Visual Studio Solution File, Format Version 12.00
# Visual Studio 15
Project("{FAE04EC0-301F-11D3-BF4B-00C04F79EFBC}") = "Unity.XR.Interaction.Toolkit.Samples.Hands", "Unity.XR.Interaction.Toolkit.Samples.Hands.csproj", "{0C848096-E7E4-2DA4-5986-FD53C05C55FC}"
EndProject
Project("{FAE04EC0-301F-11D3-BF4B-00C04F79EFBC}") = "Unity.XR.Interaction.Toolkit.Samples.DeviceSimulator", "Unity.XR.Interaction.Toolkit.Samples.DeviceSimulator.csproj", "{DD2AB4DC-80D9-DBD2-9742-4A9830E3A429}"
EndProject
Project("{FAE04EC0-301F-11D3-BF4B-00C04F79EFBC}") = "Assembly-CSharp", "Assembly-CSharp.csproj", "{FE69F04F-BCEE-9381-4D49-ABB2B8498ECB}"
EndProject
Project("{FAE04EC0-301F-11D3-BF4B-00C04F79EFBC}") = "Unity.XR.Interaction.Toolkit.Samples.ARStarterAssets", "Unity.XR.Interaction.Toolkit.Samples.ARStarterAssets.csproj", "{03EABE8D-351A-26BF-A413-98E1014F8690}"
EndProject
Project("{FAE04EC0-301F-11D3-BF4B-00C04F79EFBC}") = "Unity.XR.Interaction.Toolkit.Samples.StarterAssets.Editor", "Unity.XR.Interaction.Toolkit.Samples.StarterAssets.Editor.csproj", "{8F44615F-E9EA-3819-3453-37077F40BB8E}"
EndProject
Project("{FAE04EC0-301F-11D3-BF4B-00C04F79EFBC}") = "Unity.XR.Interaction.Toolkit.Samples.ARStarterAssets.Editor", "Unity.XR.Interaction.Toolkit.Samples.ARStarterAssets.Editor.csproj", "{4409F8AB-FDE0-8BDF-CFA0-B8240370B76E}"
EndProject
Project("{FAE04EC0-301F-11D3-BF4B-00C04F79EFBC}") = "Unity.XR.Hands.Samples.VisualizerSample", "Unity.XR.Hands.Samples.VisualizerSample.csproj", "{7729609F-6AA6-71D2-078B-883BD77051C3}"
EndProject
Project("{FAE04EC0-301F-11D3-BF4B-00C04F79EFBC}") = "Unity.XR.Interaction.Toolkit.Samples.Hands.Editor", "Unity.XR.Interaction.Toolkit.Samples.Hands.Editor.csproj", "{C278AC8F-CD7D-E6DC-494E-7FD9E921D558}"
EndProject
Project("{FAE04EC0-301F-11D3-BF4B-00C04F79EFBC}") = "Unity.XR.Interaction.Toolkit.Samples.StarterAssets", "Unity.XR.Interaction.Toolkit.Samples.StarterAssets.csproj", "{235D632C-FE5A-3308-7C0B-C3227432A067}"
EndProject
Global
	GlobalSection(SolutionConfigurationPlatforms) = preSolution
		Debug|Any CPU = Debug|Any CPU
		Release|Any CPU = Release|Any CPU
	EndGlobalSection
	GlobalSection(ProjectConfigurationPlatforms) = postSolution
		{0C848096-E7E4-2DA4-5986-FD53C05C55FC}.Debug|Any CPU.ActiveCfg = Debug|Any CPU
		{0C848096-E7E4-2DA4-5986-FD53C05C55FC}.Debug|Any CPU.Build.0 = Debug|Any CPU
		{0C848096-E7E4-2DA4-5986-FD53C05C55FC}.Release|Any CPU.ActiveCfg = Release|Any CPU
		{0C848096-E7E4-2DA4-5986-FD53C05C55FC}.Release|Any CPU.Build.0 = Release|Any CPU
		{DD2AB4DC-80D9-DBD2-9742-4A9830E3A429}.Debug|Any CPU.ActiveCfg = Debug|Any CPU
		{DD2AB4DC-80D9-DBD2-9742-4A9830E3A429}.Debug|Any CPU.Build.0 = Debug|Any CPU
		{DD2AB4DC-80D9-DBD2-9742-4A9830E3A429}.Release|Any CPU.ActiveCfg = Release|Any CPU
		{DD2AB4DC-80D9-DBD2-9742-4A9830E3A429}.Release|Any CPU.Build.0 = Release|Any CPU
		{FE69F04F-BCEE-9381-4D49-ABB2B8498ECB}.Debug|Any CPU.ActiveCfg = Debug|Any CPU
		{FE69F04F-BCEE-9381-4D49-ABB2B8498ECB}.Debug|Any CPU.Build.0 = Debug|Any CPU
		{FE69F04F-BCEE-9381-4D49-ABB2B8498ECB}.Release|Any CPU.ActiveCfg = Release|Any CPU
		{FE69F04F-BCEE-9381-4D49-ABB2B8498ECB}.Release|Any CPU.Build.0 = Release|Any CPU
		{03EABE8D-351A-26BF-A413-98E1014F8690}.Debug|Any CPU.ActiveCfg = Debug|Any CPU
		{03EABE8D-351A-26BF-A413-98E1014F8690}.Debug|Any CPU.Build.0 = Debug|Any CPU
		{03EABE8D-351A-26BF-A413-98E1014F8690}.Release|Any CPU.ActiveCfg = Release|Any CPU
		{03EABE8D-351A-26BF-A413-98E1014F8690}.Release|Any CPU.Build.0 = Release|Any CPU
		{8F44615F-E9EA-3819-3453-37077F40BB8E}.Debug|Any CPU.ActiveCfg = Debug|Any CPU
		{8F44615F-E9EA-3819-3453-37077F40BB8E}.Debug|Any CPU.Build.0 = Debug|Any CPU
		{8F44615F-E9EA-3819-3453-37077F40BB8E}.Release|Any CPU.ActiveCfg = Release|Any CPU
		{8F44615F-E9EA-3819-3453-37077F40BB8E}.Release|Any CPU.Build.0 = Release|Any CPU
		{4409F8AB-FDE0-8BDF-CFA0-B8240370B76E}.Debug|Any CPU.ActiveCfg = Debug|Any CPU
		{4409F8AB-FDE0-8BDF-CFA0-B8240370B76E}.Debug|Any CPU.Build.0 = Debug|Any CPU
		{4409F8AB-FDE0-8BDF-CFA0-B8240370B76E}.Release|Any CPU.ActiveCfg = Release|Any CPU
		{4409F8AB-FDE0-8BDF-CFA0-B8240370B76E}.Release|Any CPU.Build.0 = Release|Any CPU
		{7729609F-6AA6-71D2-078B-883BD77051C3}.Debug|Any CPU.ActiveCfg = Debug|Any CPU
		{7729609F-6AA6-71D2-078B-883BD77051C3}.Debug|Any CPU.Build.0 = Debug|Any CPU
		{7729609F-6AA6-71D2-078B-883BD77051C3}.Release|Any CPU.ActiveCfg = Release|Any CPU
		{7729609F-6AA6-71D2-078B-883BD77051C3}.Release|Any CPU.Build.0 = Release|Any CPU
		{C278AC8F-CD7D-E6DC-494E-7FD9E921D558}.Debug|Any CPU.ActiveCfg = Debug|Any CPU
		{C278AC8F-CD7D-E6DC-494E-7FD9E921D558}.Debug|Any CPU.Build.0 = Debug|Any CPU
		{C278AC8F-CD7D-E6DC-494E-7FD9E921D558}.Release|Any CPU.ActiveCfg = Release|Any CPU
		{C278AC8F-CD7D-E6DC-494E-7FD9E921D558}.Release|Any CPU.Build.0 = Release|Any CPU
		{235D632C-FE5A-3308-7C0B-C3227432A067}.Debug|Any CPU.ActiveCfg = Debug|Any CPU
		{235D632C-FE5A-3308-7C0B-C3227432A067}.Debug|Any CPU.Build.0 = Debug|Any CPU
		{235D632C-FE5A-3308-7C0B-C3227432A067}.Release|Any CPU.ActiveCfg = Release|Any CPU
		{235D632C-FE5A-3308-7C0B-C3227432A067}.Release|Any CPU.Build.0 = Release|Any CPU
	EndGlobalSection
	GlobalSection(SolutionProperties) = preSolution
		HideSolutionNode = FALSE
	EndGlobalSection
EndGlobal
